// !$*UTF8*$!
{
	archiveVersion = 1;
	classes = {
	};
	objectVersion = 55;
	objects = {

/* Begin PBXBuildFile section */
		BB023AB8286CF0D400E563B4 /* PodcastDetailsViewController.swift in Sources */ = {isa = PBXBuildFile; fileRef = BB023AB7286CF0D400E563B4 /* PodcastDetailsViewController.swift */; };
		BB023ABA286CF0E600E563B4 /* PodcastDetailsViewModel.swift in Sources */ = {isa = PBXBuildFile; fileRef = BB023AB9286CF0E600E563B4 /* PodcastDetailsViewModel.swift */; };
		BB3ED843286F979600AB334A /* UIAlertControllerExtension.swift in Sources */ = {isa = PBXBuildFile; fileRef = BB3ED842286F979600AB334A /* UIAlertControllerExtension.swift */; };
		BB3ED845286F97E900AB334A /* UIWindowExtension.swift in Sources */ = {isa = PBXBuildFile; fileRef = BB3ED844286F97E900AB334A /* UIWindowExtension.swift */; };
		BB3ED847286F9F2C00AB334A /* DialogUtility.swift in Sources */ = {isa = PBXBuildFile; fileRef = BB3ED846286F9F2C00AB334A /* DialogUtility.swift */; };
		BB3ED849286F9F5B00AB334A /* ErrorUtility.swift in Sources */ = {isa = PBXBuildFile; fileRef = BB3ED848286F9F5B00AB334A /* ErrorUtility.swift */; };
		BB41ED67286E700600B1E801 /* PaddingLabel.swift in Sources */ = {isa = PBXBuildFile; fileRef = BB41ED66286E700600B1E801 /* PaddingLabel.swift */; };
		BB41ED69286E786400B1E801 /* DateExtension.swift in Sources */ = {isa = PBXBuildFile; fileRef = BB41ED68286E786400B1E801 /* DateExtension.swift */; };
		BB6E7C62286CE71A00B5E3CB /* PodcastListCell.swift in Sources */ = {isa = PBXBuildFile; fileRef = BB6E7C60286CE71A00B5E3CB /* PodcastListCell.swift */; };
		BB6E7C63286CE71A00B5E3CB /* PodcastListCell.xib in Resources */ = {isa = PBXBuildFile; fileRef = BB6E7C61286CE71A00B5E3CB /* PodcastListCell.xib */; };
		BB6E93FB286BB91E005CFAD8 /* UIImageViewExtension.swift in Sources */ = {isa = PBXBuildFile; fileRef = BB6E93FA286BB91E005CFAD8 /* UIImageViewExtension.swift */; };
		BBF92BBD28665FE1000C28CF /* AppDelegate.swift in Sources */ = {isa = PBXBuildFile; fileRef = BBF92BBC28665FE1000C28CF /* AppDelegate.swift */; };
		BBF92BC128665FE1000C28CF /* MainViewController.swift in Sources */ = {isa = PBXBuildFile; fileRef = BBF92BC028665FE1000C28CF /* MainViewController.swift */; };
		BBF92BC428665FE1000C28CF /* Main.storyboard in Resources */ = {isa = PBXBuildFile; fileRef = BBF92BC228665FE1000C28CF /* Main.storyboard */; };
		BBF92BC628665FE2000C28CF /* Assets.xcassets in Resources */ = {isa = PBXBuildFile; fileRef = BBF92BC528665FE2000C28CF /* Assets.xcassets */; };
		BBF92BC928665FE2000C28CF /* LaunchScreen.storyboard in Resources */ = {isa = PBXBuildFile; fileRef = BBF92BC728665FE2000C28CF /* LaunchScreen.storyboard */; };
		BBF92BDA2868F962000C28CF /* MainViewModel.swift in Sources */ = {isa = PBXBuildFile; fileRef = BBF92BD92868F962000C28CF /* MainViewModel.swift */; };
		BBF92BDC2868FAF2000C28CF /* MainCoordinator.swift in Sources */ = {isa = PBXBuildFile; fileRef = BBF92BDB2868FAF2000C28CF /* MainCoordinator.swift */; };
		BBF92BDE2868FB5B000C28CF /* Constants.swift in Sources */ = {isa = PBXBuildFile; fileRef = BBF92BDD2868FB5B000C28CF /* Constants.swift */; };
		BBF92BE02868FBD1000C28CF /* UIViewControllerExtension.swift in Sources */ = {isa = PBXBuildFile; fileRef = BBF92BDF2868FBD1000C28CF /* UIViewControllerExtension.swift */; };
		BBF92BE22868FC00000C28CF /* UIStoryBoardExtension.swift in Sources */ = {isa = PBXBuildFile; fileRef = BBF92BE12868FC00000C28CF /* UIStoryBoardExtension.swift */; };
		BBF92BE428690186000C28CF /* PodcastService.swift in Sources */ = {isa = PBXBuildFile; fileRef = BBF92BE328690186000C28CF /* PodcastService.swift */; };
		BBF92BE628690997000C28CF /* MainCoordinatorDelegate.swift in Sources */ = {isa = PBXBuildFile; fileRef = BBF92BE528690997000C28CF /* MainCoordinatorDelegate.swift */; };
		BBF92BEB286A62B6000C28CF /* PodcastDetailsData.swift in Sources */ = {isa = PBXBuildFile; fileRef = BBF92BEA286A62B6000C28CF /* PodcastDetailsData.swift */; };
		BBF92BED286A6865000C28CF /* PodcastData.swift in Sources */ = {isa = PBXBuildFile; fileRef = BBF92BEC286A6865000C28CF /* PodcastData.swift */; };
/* End PBXBuildFile section */

/* Begin PBXFileReference section */
		BB023AB7286CF0D400E563B4 /* PodcastDetailsViewController.swift */ = {isa = PBXFileReference; lastKnownFileType = sourcecode.swift; path = PodcastDetailsViewController.swift; sourceTree = "<group>"; };
		BB023AB9286CF0E600E563B4 /* PodcastDetailsViewModel.swift */ = {isa = PBXFileReference; lastKnownFileType = sourcecode.swift; path = PodcastDetailsViewModel.swift; sourceTree = "<group>"; };
		BB3ED842286F979600AB334A /* UIAlertControllerExtension.swift */ = {isa = PBXFileReference; lastKnownFileType = sourcecode.swift; path = UIAlertControllerExtension.swift; sourceTree = "<group>"; };
		BB3ED844286F97E900AB334A /* UIWindowExtension.swift */ = {isa = PBXFileReference; lastKnownFileType = sourcecode.swift; path = UIWindowExtension.swift; sourceTree = "<group>"; };
		BB3ED846286F9F2C00AB334A /* DialogUtility.swift */ = {isa = PBXFileReference; lastKnownFileType = sourcecode.swift; path = DialogUtility.swift; sourceTree = "<group>"; };
		BB3ED848286F9F5B00AB334A /* ErrorUtility.swift */ = {isa = PBXFileReference; lastKnownFileType = sourcecode.swift; path = ErrorUtility.swift; sourceTree = "<group>"; };
		BB41ED66286E700600B1E801 /* PaddingLabel.swift */ = {isa = PBXFileReference; lastKnownFileType = sourcecode.swift; path = PaddingLabel.swift; sourceTree = "<group>"; };
		BB41ED68286E786400B1E801 /* DateExtension.swift */ = {isa = PBXFileReference; lastKnownFileType = sourcecode.swift; path = DateExtension.swift; sourceTree = "<group>"; };
		BB6E7C60286CE71A00B5E3CB /* PodcastListCell.swift */ = {isa = PBXFileReference; lastKnownFileType = sourcecode.swift; path = PodcastListCell.swift; sourceTree = "<group>"; };
		BB6E7C61286CE71A00B5E3CB /* PodcastListCell.xib */ = {isa = PBXFileReference; lastKnownFileType = file.xib; path = PodcastListCell.xib; sourceTree = "<group>"; };
		BB6E93FA286BB91E005CFAD8 /* UIImageViewExtension.swift */ = {isa = PBXFileReference; lastKnownFileType = sourcecode.swift; path = UIImageViewExtension.swift; sourceTree = "<group>"; };
		BBF92BB928665FE1000C28CF /* Podcast.app */ = {isa = PBXFileReference; explicitFileType = wrapper.application; includeInIndex = 0; path = Podcast.app; sourceTree = BUILT_PRODUCTS_DIR; };
		BBF92BBC28665FE1000C28CF /* AppDelegate.swift */ = {isa = PBXFileReference; lastKnownFileType = sourcecode.swift; path = AppDelegate.swift; sourceTree = "<group>"; };
		BBF92BC028665FE1000C28CF /* MainViewController.swift */ = {isa = PBXFileReference; lastKnownFileType = sourcecode.swift; path = MainViewController.swift; sourceTree = "<group>"; };
		BBF92BC328665FE1000C28CF /* Base */ = {isa = PBXFileReference; lastKnownFileType = file.storyboard; name = Base; path = Base.lproj/Main.storyboard; sourceTree = "<group>"; };
		BBF92BC528665FE2000C28CF /* Assets.xcassets */ = {isa = PBXFileReference; lastKnownFileType = folder.assetcatalog; path = Assets.xcassets; sourceTree = "<group>"; };
		BBF92BC828665FE2000C28CF /* Base */ = {isa = PBXFileReference; lastKnownFileType = file.storyboard; name = Base; path = Base.lproj/LaunchScreen.storyboard; sourceTree = "<group>"; };
		BBF92BCA28665FE2000C28CF /* Info.plist */ = {isa = PBXFileReference; lastKnownFileType = text.plist.xml; path = Info.plist; sourceTree = "<group>"; };
		BBF92BD92868F962000C28CF /* MainViewModel.swift */ = {isa = PBXFileReference; lastKnownFileType = sourcecode.swift; path = MainViewModel.swift; sourceTree = "<group>"; };
		BBF92BDB2868FAF2000C28CF /* MainCoordinator.swift */ = {isa = PBXFileReference; lastKnownFileType = sourcecode.swift; path = MainCoordinator.swift; sourceTree = "<group>"; };
		BBF92BDD2868FB5B000C28CF /* Constants.swift */ = {isa = PBXFileReference; lastKnownFileType = sourcecode.swift; path = Constants.swift; sourceTree = "<group>"; };
		BBF92BDF2868FBD1000C28CF /* UIViewControllerExtension.swift */ = {isa = PBXFileReference; lastKnownFileType = sourcecode.swift; path = UIViewControllerExtension.swift; sourceTree = "<group>"; };
		BBF92BE12868FC00000C28CF /* UIStoryBoardExtension.swift */ = {isa = PBXFileReference; lastKnownFileType = sourcecode.swift; path = UIStoryBoardExtension.swift; sourceTree = "<group>"; };
		BBF92BE328690186000C28CF /* PodcastService.swift */ = {isa = PBXFileReference; lastKnownFileType = sourcecode.swift; path = PodcastService.swift; sourceTree = "<group>"; };
		BBF92BE528690997000C28CF /* MainCoordinatorDelegate.swift */ = {isa = PBXFileReference; lastKnownFileType = sourcecode.swift; path = MainCoordinatorDelegate.swift; sourceTree = "<group>"; };
		BBF92BEA286A62B6000C28CF /* PodcastDetailsData.swift */ = {isa = PBXFileReference; lastKnownFileType = sourcecode.swift; path = PodcastDetailsData.swift; sourceTree = "<group>"; };
		BBF92BEC286A6865000C28CF /* PodcastData.swift */ = {isa = PBXFileReference; lastKnownFileType = sourcecode.swift; path = PodcastData.swift; sourceTree = "<group>"; };
/* End PBXFileReference section */

/* Begin PBXFrameworksBuildPhase section */
		BBF92BB628665FE1000C28CF /* Frameworks */ = {
			isa = PBXFrameworksBuildPhase;
			buildActionMask = 2147483647;
			files = (
			);
			runOnlyForDeploymentPostprocessing = 0;
		};
/* End PBXFrameworksBuildPhase section */

/* Begin PBXGroup section */
		BB6E7C5F286CE6F300B5E3CB /* Cells */ = {
			isa = PBXGroup;
			children = (
				BB6E7C60286CE71A00B5E3CB /* PodcastListCell.swift */,
				BB6E7C61286CE71A00B5E3CB /* PodcastListCell.xib */,
			);
			path = Cells;
			sourceTree = "<group>";
		};
		BBF92BB028665FE0000C28CF = {
			isa = PBXGroup;
			children = (
				BBF92BBB28665FE1000C28CF /* Podcast */,
				BBF92BBA28665FE1000C28CF /* Products */,
			);
			sourceTree = "<group>";
		};
		BBF92BBA28665FE1000C28CF /* Products */ = {
			isa = PBXGroup;
			children = (
				BBF92BB928665FE1000C28CF /* Podcast.app */,
			);
			name = Products;
			sourceTree = "<group>";
		};
		BBF92BBB28665FE1000C28CF /* Podcast */ = {
			isa = PBXGroup;
			children = (
				BBF92BD72868F58C000C28CF /* Extensions */,
				BBF92BD62868F586000C28CF /* Utility */,
				BBF92BD52868F57A000C28CF /* Protocols */,
				BBF92BD42868F573000C28CF /* Views */,
				BBF92BD32868F56D000C28CF /* Service */,
				BBF92BD22868F568000C28CF /* Data */,
				BBF92BD12868F561000C28CF /* Coordinators */,
				BBF92BD02868F559000C28CF /* Controllers */,
				BBF92BBC28665FE1000C28CF /* AppDelegate.swift */,
				BBF92BC228665FE1000C28CF /* Main.storyboard */,
				BBF92BC528665FE2000C28CF /* Assets.xcassets */,
				BBF92BC728665FE2000C28CF /* LaunchScreen.storyboard */,
				BBF92BCA28665FE2000C28CF /* Info.plist */,
			);
			path = Podcast;
			sourceTree = "<group>";
		};
		BBF92BD02868F559000C28CF /* Controllers */ = {
			isa = PBXGroup;
			children = (
				BBF92BD82868F5A5000C28CF /* Models */,
				BBF92BC028665FE1000C28CF /* MainViewController.swift */,
				BB023AB7286CF0D400E563B4 /* PodcastDetailsViewController.swift */,
			);
			path = Controllers;
			sourceTree = "<group>";
		};
		BBF92BD12868F561000C28CF /* Coordinators */ = {
			isa = PBXGroup;
			children = (
				BBF92BDB2868FAF2000C28CF /* MainCoordinator.swift */,
			);
			path = Coordinators;
			sourceTree = "<group>";
		};
		BBF92BD22868F568000C28CF /* Data */ = {
			isa = PBXGroup;
			children = (
				BBF92BEA286A62B6000C28CF /* PodcastDetailsData.swift */,
				BBF92BEC286A6865000C28CF /* PodcastData.swift */,
			);
			path = Data;
			sourceTree = "<group>";
		};
		BBF92BD32868F56D000C28CF /* Service */ = {
			isa = PBXGroup;
			children = (
				BBF92BE328690186000C28CF /* PodcastService.swift */,
			);
			path = Service;
			sourceTree = "<group>";
		};
		BBF92BD42868F573000C28CF /* Views */ = {
			isa = PBXGroup;
			children = (
				BB6E7C5F286CE6F300B5E3CB /* Cells */,
				BB41ED66286E700600B1E801 /* PaddingLabel.swift */,
			);
			path = Views;
			sourceTree = "<group>";
		};
		BBF92BD52868F57A000C28CF /* Protocols */ = {
			isa = PBXGroup;
			children = (
				BBF92BE528690997000C28CF /* MainCoordinatorDelegate.swift */,
			);
			path = Protocols;
			sourceTree = "<group>";
		};
		BBF92BD62868F586000C28CF /* Utility */ = {
			isa = PBXGroup;
			children = (
				BBF92BDD2868FB5B000C28CF /* Constants.swift */,
				BB3ED846286F9F2C00AB334A /* DialogUtility.swift */,
				BB3ED848286F9F5B00AB334A /* ErrorUtility.swift */,
			);
			path = Utility;
			sourceTree = "<group>";
		};
		BBF92BD72868F58C000C28CF /* Extensions */ = {
			isa = PBXGroup;
			children = (
				BBF92BDF2868FBD1000C28CF /* UIViewControllerExtension.swift */,
				BBF92BE12868FC00000C28CF /* UIStoryBoardExtension.swift */,
				BB6E93FA286BB91E005CFAD8 /* UIImageViewExtension.swift */,
				BB41ED68286E786400B1E801 /* DateExtension.swift */,
				BB3ED842286F979600AB334A /* UIAlertControllerExtension.swift */,
				BB3ED844286F97E900AB334A /* UIWindowExtension.swift */,
			);
			path = Extensions;
			sourceTree = "<group>";
		};
		BBF92BD82868F5A5000C28CF /* Models */ = {
			isa = PBXGroup;
			children = (
				BBF92BD92868F962000C28CF /* MainViewModel.swift */,
				BB023AB9286CF0E600E563B4 /* PodcastDetailsViewModel.swift */,
			);
			path = Models;
			sourceTree = "<group>";
		};
/* End PBXGroup section */

/* Begin PBXNativeTarget section */
		BBF92BB828665FE1000C28CF /* Podcast */ = {
			isa = PBXNativeTarget;
			buildConfigurationList = BBF92BCD28665FE2000C28CF /* Build configuration list for PBXNativeTarget "Podcast" */;
			buildPhases = (
				BBF92BB528665FE1000C28CF /* Sources */,
				BBF92BB628665FE1000C28CF /* Frameworks */,
				BBF92BB728665FE1000C28CF /* Resources */,
			);
			buildRules = (
			);
			dependencies = (
			);
			name = Podcast;
			productName = Podcast;
			productReference = BBF92BB928665FE1000C28CF /* Podcast.app */;
			productType = "com.apple.product-type.application";
		};
/* End PBXNativeTarget section */

/* Begin PBXProject section */
		BBF92BB128665FE0000C28CF /* Project object */ = {
			isa = PBXProject;
			attributes = {
				BuildIndependentTargetsInParallel = 1;
				LastSwiftUpdateCheck = 1320;
				LastUpgradeCheck = 1320;
				TargetAttributes = {
					BBF92BB828665FE1000C28CF = {
						CreatedOnToolsVersion = 13.2.1;
					};
				};
			};
			buildConfigurationList = BBF92BB428665FE0000C28CF /* Build configuration list for PBXProject "Podcast" */;
			compatibilityVersion = "Xcode 13.0";
			developmentRegion = en;
			hasScannedForEncodings = 0;
			knownRegions = (
				en,
				Base,
			);
			mainGroup = BBF92BB028665FE0000C28CF;
			productRefGroup = BBF92BBA28665FE1000C28CF /* Products */;
			projectDirPath = "";
			projectRoot = "";
			targets = (
				BBF92BB828665FE1000C28CF /* Podcast */,
			);
		};
/* End PBXProject section */

/* Begin PBXResourcesBuildPhase section */
		BBF92BB728665FE1000C28CF /* Resources */ = {
			isa = PBXResourcesBuildPhase;
			buildActionMask = 2147483647;
			files = (
				BBF92BC928665FE2000C28CF /* LaunchScreen.storyboard in Resources */,
				BBF92BC628665FE2000C28CF /* Assets.xcassets in Resources */,
				BB6E7C63286CE71A00B5E3CB /* PodcastListCell.xib in Resources */,
				BBF92BC428665FE1000C28CF /* Main.storyboard in Resources */,
			);
			runOnlyForDeploymentPostprocessing = 0;
		};
/* End PBXResourcesBuildPhase section */

/* Begin PBXSourcesBuildPhase section */
		BBF92BB528665FE1000C28CF /* Sources */ = {
			isa = PBXSourcesBuildPhase;
			buildActionMask = 2147483647;
			files = (
				BB023ABA286CF0E600E563B4 /* PodcastDetailsViewModel.swift in Sources */,
				BB41ED69286E786400B1E801 /* DateExtension.swift in Sources */,
				BBF92BDE2868FB5B000C28CF /* Constants.swift in Sources */,
				BBF92BC128665FE1000C28CF /* MainViewController.swift in Sources */,
				BB6E93FB286BB91E005CFAD8 /* UIImageViewExtension.swift in Sources */,
				BB41ED67286E700600B1E801 /* PaddingLabel.swift in Sources */,
				BBF92BE02868FBD1000C28CF /* UIViewControllerExtension.swift in Sources */,
				BBF92BDC2868FAF2000C28CF /* MainCoordinator.swift in Sources */,
				BBF92BE22868FC00000C28CF /* UIStoryBoardExtension.swift in Sources */,
				BBF92BBD28665FE1000C28CF /* AppDelegate.swift in Sources */,
				BBF92BEB286A62B6000C28CF /* PodcastDetailsData.swift in Sources */,
				BB023AB8286CF0D400E563B4 /* PodcastDetailsViewController.swift in Sources */,
				BBF92BE428690186000C28CF /* PodcastService.swift in Sources */,
				BBF92BED286A6865000C28CF /* PodcastData.swift in Sources */,
				BB3ED843286F979600AB334A /* UIAlertControllerExtension.swift in Sources */,
				BBF92BE628690997000C28CF /* MainCoordinatorDelegate.swift in Sources */,
				BB3ED845286F97E900AB334A /* UIWindowExtension.swift in Sources */,
				BB6E7C62286CE71A00B5E3CB /* PodcastListCell.swift in Sources */,
				BB3ED847286F9F2C00AB334A /* DialogUtility.swift in Sources */,
				BB3ED849286F9F5B00AB334A /* ErrorUtility.swift in Sources */,
				BBF92BDA2868F962000C28CF /* MainViewModel.swift in Sources */,
			);
			runOnlyForDeploymentPostprocessing = 0;
		};
/* End PBXSourcesBuildPhase section */

/* Begin PBXVariantGroup section */
		BBF92BC228665FE1000C28CF /* Main.storyboard */ = {
			isa = PBXVariantGroup;
			children = (
				BBF92BC328665FE1000C28CF /* Base */,
			);
			name = Main.storyboard;
			sourceTree = "<group>";
		};
		BBF92BC728665FE2000C28CF /* LaunchScreen.storyboard */ = {
			isa = PBXVariantGroup;
			children = (
				BBF92BC828665FE2000C28CF /* Base */,
			);
			name = LaunchScreen.storyboard;
			sourceTree = "<group>";
		};
/* End PBXVariantGroup section */

/* Begin XCBuildConfiguration section */
		BBF92BCB28665FE2000C28CF /* Debug */ = {
			isa = XCBuildConfiguration;
			buildSettings = {
				ALWAYS_SEARCH_USER_PATHS = NO;
				CLANG_ANALYZER_NONNULL = YES;
				CLANG_ANALYZER_NUMBER_OBJECT_CONVERSION = YES_AGGRESSIVE;
				CLANG_CXX_LANGUAGE_STANDARD = "gnu++17";
				CLANG_CXX_LIBRARY = "libc++";
				CLANG_ENABLE_MODULES = YES;
				CLANG_ENABLE_OBJC_ARC = YES;
				CLANG_ENABLE_OBJC_WEAK = YES;
				CLANG_WARN_BLOCK_CAPTURE_AUTORELEASING = YES;
				CLANG_WARN_BOOL_CONVERSION = YES;
				CLANG_WARN_COMMA = YES;
				CLANG_WARN_CONSTANT_CONVERSION = YES;
				CLANG_WARN_DEPRECATED_OBJC_IMPLEMENTATIONS = YES;
				CLANG_WARN_DIRECT_OBJC_ISA_USAGE = YES_ERROR;
				CLANG_WARN_DOCUMENTATION_COMMENTS = YES;
				CLANG_WARN_EMPTY_BODY = YES;
				CLANG_WARN_ENUM_CONVERSION = YES;
				CLANG_WARN_INFINITE_RECURSION = YES;
				CLANG_WARN_INT_CONVERSION = YES;
				CLANG_WARN_NON_LITERAL_NULL_CONVERSION = YES;
				CLANG_WARN_OBJC_IMPLICIT_RETAIN_SELF = YES;
				CLANG_WARN_OBJC_LITERAL_CONVERSION = YES;
				CLANG_WARN_OBJC_ROOT_CLASS = YES_ERROR;
				CLANG_WARN_QUOTED_INCLUDE_IN_FRAMEWORK_HEADER = YES;
				CLANG_WARN_RANGE_LOOP_ANALYSIS = YES;
				CLANG_WARN_STRICT_PROTOTYPES = YES;
				CLANG_WARN_SUSPICIOUS_MOVE = YES;
				CLANG_WARN_UNGUARDED_AVAILABILITY = YES_AGGRESSIVE;
				CLANG_WARN_UNREACHABLE_CODE = YES;
				CLANG_WARN__DUPLICATE_METHOD_MATCH = YES;
				COPY_PHASE_STRIP = NO;
				DEBUG_INFORMATION_FORMAT = dwarf;
				ENABLE_STRICT_OBJC_MSGSEND = YES;
				ENABLE_TESTABILITY = YES;
				GCC_C_LANGUAGE_STANDARD = gnu11;
				GCC_DYNAMIC_NO_PIC = NO;
				GCC_NO_COMMON_BLOCKS = YES;
				GCC_OPTIMIZATION_LEVEL = 0;
				GCC_PREPROCESSOR_DEFINITIONS = (
					"DEBUG=1",
					"$(inherited)",
				);
				GCC_WARN_64_TO_32_BIT_CONVERSION = YES;
				GCC_WARN_ABOUT_RETURN_TYPE = YES_ERROR;
				GCC_WARN_UNDECLARED_SELECTOR = YES;
				GCC_WARN_UNINITIALIZED_AUTOS = YES_AGGRESSIVE;
				GCC_WARN_UNUSED_FUNCTION = YES;
				GCC_WARN_UNUSED_VARIABLE = YES;
				IPHONEOS_DEPLOYMENT_TARGET = 15.2;
				MTL_ENABLE_DEBUG_INFO = INCLUDE_SOURCE;
				MTL_FAST_MATH = YES;
				ONLY_ACTIVE_ARCH = YES;
				SDKROOT = iphoneos;
				SWIFT_ACTIVE_COMPILATION_CONDITIONS = DEBUG;
				SWIFT_OPTIMIZATION_LEVEL = "-Onone";
			};
			name = Debug;
		};
		BBF92BCC28665FE2000C28CF /* Release */ = {
			isa = XCBuildConfiguration;
			buildSettings = {
				ALWAYS_SEARCH_USER_PATHS = NO;
				CLANG_ANALYZER_NONNULL = YES;
				CLANG_ANALYZER_NUMBER_OBJECT_CONVERSION = YES_AGGRESSIVE;
				CLANG_CXX_LANGUAGE_STANDARD = "gnu++17";
				CLANG_CXX_LIBRARY = "libc++";
				CLANG_ENABLE_MODULES = YES;
				CLANG_ENABLE_OBJC_ARC = YES;
				CLANG_ENABLE_OBJC_WEAK = YES;
				CLANG_WARN_BLOCK_CAPTURE_AUTORELEASING = YES;
				CLANG_WARN_BOOL_CONVERSION = YES;
				CLANG_WARN_COMMA = YES;
				CLANG_WARN_CONSTANT_CONVERSION = YES;
				CLANG_WARN_DEPRECATED_OBJC_IMPLEMENTATIONS = YES;
				CLANG_WARN_DIRECT_OBJC_ISA_USAGE = YES_ERROR;
				CLANG_WARN_DOCUMENTATION_COMMENTS = YES;
				CLANG_WARN_EMPTY_BODY = YES;
				CLANG_WARN_ENUM_CONVERSION = YES;
				CLANG_WARN_INFINITE_RECURSION = YES;
				CLANG_WARN_INT_CONVERSION = YES;
				CLANG_WARN_NON_LITERAL_NULL_CONVERSION = YES;
				CLANG_WARN_OBJC_IMPLICIT_RETAIN_SELF = YES;
				CLANG_WARN_OBJC_LITERAL_CONVERSION = YES;
				CLANG_WARN_OBJC_ROOT_CLASS = YES_ERROR;
				CLANG_WARN_QUOTED_INCLUDE_IN_FRAMEWORK_HEADER = YES;
				CLANG_WARN_RANGE_LOOP_ANALYSIS = YES;
				CLANG_WARN_STRICT_PROTOTYPES = YES;
				CLANG_WARN_SUSPICIOUS_MOVE = YES;
				CLANG_WARN_UNGUARDED_AVAILABILITY = YES_AGGRESSIVE;
				CLANG_WARN_UNREACHABLE_CODE = YES;
				CLANG_WARN__DUPLICATE_METHOD_MATCH = YES;
				COPY_PHASE_STRIP = NO;
				DEBUG_INFORMATION_FORMAT = "dwarf-with-dsym";
				ENABLE_NS_ASSERTIONS = NO;
				ENABLE_STRICT_OBJC_MSGSEND = YES;
				GCC_C_LANGUAGE_STANDARD = gnu11;
				GCC_NO_COMMON_BLOCKS = YES;
				GCC_WARN_64_TO_32_BIT_CONVERSION = YES;
				GCC_WARN_ABOUT_RETURN_TYPE = YES_ERROR;
				GCC_WARN_UNDECLARED_SELECTOR = YES;
				GCC_WARN_UNINITIALIZED_AUTOS = YES_AGGRESSIVE;
				GCC_WARN_UNUSED_FUNCTION = YES;
				GCC_WARN_UNUSED_VARIABLE = YES;
				IPHONEOS_DEPLOYMENT_TARGET = 15.2;
				MTL_ENABLE_DEBUG_INFO = NO;
				MTL_FAST_MATH = YES;
				SDKROOT = iphoneos;
				SWIFT_COMPILATION_MODE = wholemodule;
				SWIFT_OPTIMIZATION_LEVEL = "-O";
				VALIDATE_PRODUCT = YES;
			};
			name = Release;
		};
		BBF92BCE28665FE2000C28CF /* Debug */ = {
			isa = XCBuildConfiguration;
			buildSettings = {
				ASSETCATALOG_COMPILER_APPICON_NAME = AppIcon;
				ASSETCATALOG_COMPILER_GLOBAL_ACCENT_COLOR_NAME = AccentColor;
				CODE_SIGN_IDENTITY = "Apple Development: Vlatko Sprem (GAWYUDLJPB)";
				CODE_SIGN_STYLE = Manual;
				CURRENT_PROJECT_VERSION = 1;
				DEVELOPMENT_TEAM = Q9WZ632RYQ;
				GENERATE_INFOPLIST_FILE = YES;
				INFOPLIST_FILE = Podcast/Info.plist;
				INFOPLIST_KEY_UIApplicationSupportsIndirectInputEvents = YES;
				INFOPLIST_KEY_UILaunchStoryboardName = LaunchScreen;
				INFOPLIST_KEY_UIMainStoryboardFile = Main;
				INFOPLIST_KEY_UISupportedInterfaceOrientations_iPad = "UIInterfaceOrientationPortrait UIInterfaceOrientationPortraitUpsideDown UIInterfaceOrientationLandscapeLeft UIInterfaceOrientationLandscapeRight";
				INFOPLIST_KEY_UISupportedInterfaceOrientations_iPhone = "UIInterfaceOrientationPortrait UIInterfaceOrientationLandscapeLeft UIInterfaceOrientationLandscapeRight";
				LD_RUNPATH_SEARCH_PATHS = (
					"$(inherited)",
					"@executable_path/Frameworks",
				);
				MARKETING_VERSION = 1.0;
				PRODUCT_BUNDLE_IDENTIFIER = hr.myheritage.Podcast;
				PRODUCT_NAME = "$(TARGET_NAME)";
				PROVISIONING_PROFILE_SPECIFIER = ASEE_Enterprise_Development;
				SWIFT_EMIT_LOC_STRINGS = YES;
				SWIFT_VERSION = 5.0;
				TARGETED_DEVICE_FAMILY = "1,2";
			};
			name = Debug;
		};
		BBF92BCF28665FE2000C28CF /* Release */ = {
			isa = XCBuildConfiguration;
			buildSettings = {
				ASSETCATALOG_COMPILER_APPICON_NAME = AppIcon;
				ASSETCATALOG_COMPILER_GLOBAL_ACCENT_COLOR_NAME = AccentColor;
				CODE_SIGN_IDENTITY = "Apple Development: Vlatko Sprem (GAWYUDLJPB)";
				CODE_SIGN_STYLE = Automatic;
				CURRENT_PROJECT_VERSION = 1;
				GENERATE_INFOPLIST_FILE = YES;
				INFOPLIST_FILE = Podcast/Info.plist;
				INFOPLIST_KEY_UIApplicationSupportsIndirectInputEvents = YES;
				INFOPLIST_KEY_UILaunchStoryboardName = LaunchScreen;
				INFOPLIST_KEY_UIMainStoryboardFile = Main;
				INFOPLIST_KEY_UISupportedInterfaceOrientations_iPad = "UIInterfaceOrientationPortrait UIInterfaceOrientationPortraitUpsideDown UIInterfaceOrientationLandscapeLeft UIInterfaceOrientationLandscapeRight";
				INFOPLIST_KEY_UISupportedInterfaceOrientations_iPhone = "UIInterfaceOrientationPortrait UIInterfaceOrientationLandscapeLeft UIInterfaceOrientationLandscapeRight";
				LD_RUNPATH_SEARCH_PATHS = (
					"$(inherited)",
					"@executable_path/Frameworks",
				);
				MARKETING_VERSION = 1.0;
				PRODUCT_BUNDLE_IDENTIFIER = hr.myheritage.Podcast;
				PRODUCT_NAME = "$(TARGET_NAME)";
				SWIFT_EMIT_LOC_STRINGS = YES;
				SWIFT_VERSION = 5.0;
				TARGETED_DEVICE_FAMILY = "1,2";
			};
			name = Release;
		};
/* End XCBuildConfiguration section */

/* Begin XCConfigurationList section */
		BBF92BB428665FE0000C28CF /* Build configuration list for PBXProject "Podcast" */ = {
			isa = XCConfigurationList;
			buildConfigurations = (
				BBF92BCB28665FE2000C28CF /* Debug */,
				BBF92BCC28665FE2000C28CF /* Release */,
			);
			defaultConfigurationIsVisible = 0;
			defaultConfigurationName = Release;
		};
		BBF92BCD28665FE2000C28CF /* Build configuration list for PBXNativeTarget "Podcast" */ = {
			isa = XCConfigurationList;
			buildConfigurations = (
				BBF92BCE28665FE2000C28CF /* Debug */,
				BBF92BCF28665FE2000C28CF /* Release */,
			);
			defaultConfigurationIsVisible = 0;
			defaultConfigurationName = Release;
		};
/* End XCConfigurationList section */
	};
	rootObject = BBF92BB128665FE0000C28CF /* Project object */;
}
